// !$*UTF8*$!
{
	archiveVersion = 1;
	classes = {
	};
	objectVersion = 56;
	objects = {

/* Begin PBXBuildFile section */
		340CF5E02C92918C004C6051 /* Assets.xcassets in Resources */ = {isa = PBXBuildFile; fileRef = 340CF5DF2C92918C004C6051 /* Assets.xcassets */; };
		340CF5E52C92918C004C6051 /* main.m in Sources */ = {isa = PBXBuildFile; fileRef = 340CF5E42C92918C004C6051 /* main.m */; };
		340CF60C2C929631004C6051 /* UniformTypeIdentifiers.framework in Frameworks */ = {isa = PBXBuildFile; fileRef = 340CF5F22C92919E004C6051 /* UniformTypeIdentifiers.framework */; };
		340CF60F2C929631004C6051 /* FileProviderExtension.swift in Sources */ = {isa = PBXBuildFile; fileRef = 340CF60E2C929631004C6051 /* FileProviderExtension.swift */; };
		340CF6112C929631004C6051 /* FileProviderItem.swift in Sources */ = {isa = PBXBuildFile; fileRef = 340CF6102C929631004C6051 /* FileProviderItem.swift */; };
		340CF6132C929631004C6051 /* FileProviderEnumerator.swift in Sources */ = {isa = PBXBuildFile; fileRef = 340CF6122C929631004C6051 /* FileProviderEnumerator.swift */; };
		340CF6202C929F47004C6051 /* WebDAVFileManager.swift in Sources */ = {isa = PBXBuildFile; fileRef = 340CF61F2C929F47004C6051 /* WebDAVFileManager.swift */; };
		340CF6222C929F89004C6051 /* FileProviderLogger.swift in Sources */ = {isa = PBXBuildFile; fileRef = 340CF6212C929F89004C6051 /* FileProviderLogger.swift */; };
		340CF6422C9314A3004C6051 /* WebDavKit in Frameworks */ = {isa = PBXBuildFile; productRef = 340CF6412C9314A3004C6051 /* WebDavKit */; };
		340CF6592C931934004C6051 /* EleFileProvider.appex in Embed Foundation Extensions */ = {isa = PBXBuildFile; fileRef = 340CF60B2C929631004C6051 /* EleFileProvider.appex */; settings = {ATTRIBUTES = (RemoveHeadersOnCopy, ); }; };
		340DFA7E2C940A8D00585255 /* WebDavKit in Frameworks */ = {isa = PBXBuildFile; productRef = 340DFA7D2C940A8D00585255 /* WebDavKit */; };
/* End PBXBuildFile section */

/* Begin PBXContainerItemProxy section */
		340CF65A2C931934004C6051 /* PBXContainerItemProxy */ = {
			isa = PBXContainerItemProxy;
			containerPortal = 340CF5CE2C92918A004C6051 /* Project object */;
			proxyType = 1;
			remoteGlobalIDString = 340CF60A2C929631004C6051;
			remoteInfo = EleFileProvider;
		};
/* End PBXContainerItemProxy section */

/* Begin PBXCopyFilesBuildPhase section */
		340CF65C2C931934004C6051 /* Embed Foundation Extensions */ = {
			isa = PBXCopyFilesBuildPhase;
			buildActionMask = 2147483647;
			dstPath = "";
			dstSubfolderSpec = 13;
			files = (
				340CF6592C931934004C6051 /* EleFileProvider.appex in Embed Foundation Extensions */,
			);
			name = "Embed Foundation Extensions";
			runOnlyForDeploymentPostprocessing = 0;
		};
/* End PBXCopyFilesBuildPhase section */

/* Begin PBXFileReference section */
		340CF5D62C92918A004C6051 /* EFPHelper.app */ = {isa = PBXFileReference; explicitFileType = wrapper.application; includeInIndex = 0; path = EFPHelper.app; sourceTree = BUILT_PRODUCTS_DIR; };
		340CF5DF2C92918C004C6051 /* Assets.xcassets */ = {isa = PBXFileReference; lastKnownFileType = folder.assetcatalog; path = Assets.xcassets; sourceTree = "<group>"; };
		340CF5E42C92918C004C6051 /* main.m */ = {isa = PBXFileReference; lastKnownFileType = sourcecode.c.objc; path = main.m; sourceTree = "<group>"; };
		340CF5E62C92918C004C6051 /* EFPHelper.entitlements */ = {isa = PBXFileReference; lastKnownFileType = text.plist.entitlements; path = EFPHelper.entitlements; sourceTree = "<group>"; };
		340CF5F22C92919E004C6051 /* UniformTypeIdentifiers.framework */ = {isa = PBXFileReference; lastKnownFileType = wrapper.framework; name = UniformTypeIdentifiers.framework; path = System/Library/Frameworks/UniformTypeIdentifiers.framework; sourceTree = SDKROOT; };
		340CF60B2C929631004C6051 /* EleFileProvider.appex */ = {isa = PBXFileReference; explicitFileType = "wrapper.app-extension"; includeInIndex = 0; path = EleFileProvider.appex; sourceTree = BUILT_PRODUCTS_DIR; };
		340CF60E2C929631004C6051 /* FileProviderExtension.swift */ = {isa = PBXFileReference; lastKnownFileType = sourcecode.swift; path = FileProviderExtension.swift; sourceTree = "<group>"; };
		340CF6102C929631004C6051 /* FileProviderItem.swift */ = {isa = PBXFileReference; lastKnownFileType = sourcecode.swift; path = FileProviderItem.swift; sourceTree = "<group>"; };
		340CF6122C929631004C6051 /* FileProviderEnumerator.swift */ = {isa = PBXFileReference; lastKnownFileType = sourcecode.swift; path = FileProviderEnumerator.swift; sourceTree = "<group>"; };
		340CF6142C929631004C6051 /* Info.plist */ = {isa = PBXFileReference; lastKnownFileType = text.plist.xml; path = Info.plist; sourceTree = "<group>"; };
		340CF6152C929631004C6051 /* EleFileProvider.entitlements */ = {isa = PBXFileReference; lastKnownFileType = text.plist.entitlements; path = EleFileProvider.entitlements; sourceTree = "<group>"; };
		340CF61F2C929F47004C6051 /* WebDAVFileManager.swift */ = {isa = PBXFileReference; lastKnownFileType = sourcecode.swift; path = WebDAVFileManager.swift; sourceTree = "<group>"; };
		340CF6212C929F89004C6051 /* FileProviderLogger.swift */ = {isa = PBXFileReference; lastKnownFileType = sourcecode.swift; path = FileProviderLogger.swift; sourceTree = "<group>"; };
		340CF6582C9317E6004C6051 /* Info.plist */ = {isa = PBXFileReference; lastKnownFileType = text.plist; path = Info.plist; sourceTree = "<group>"; };
/* End PBXFileReference section */

/* Begin PBXFrameworksBuildPhase section */
		340CF5D32C92918A004C6051 /* Frameworks */ = {
			isa = PBXFrameworksBuildPhase;
			buildActionMask = 2147483647;
			files = (
				340CF6422C9314A3004C6051 /* WebDavKit in Frameworks */,
			);
			runOnlyForDeploymentPostprocessing = 0;
		};
		340CF6082C929631004C6051 /* Frameworks */ = {
			isa = PBXFrameworksBuildPhase;
			buildActionMask = 2147483647;
			files = (
				340DFA7E2C940A8D00585255 /* WebDavKit in Frameworks */,
				340CF60C2C929631004C6051 /* UniformTypeIdentifiers.framework in Frameworks */,
			);
			runOnlyForDeploymentPostprocessing = 0;
		};
/* End PBXFrameworksBuildPhase section */

/* Begin PBXGroup section */
		340CF5CD2C92918A004C6051 = {
			isa = PBXGroup;
			children = (
				340CF5D82C92918A004C6051 /* EFPHelper */,
				340CF60D2C929631004C6051 /* EleFileProvider */,
				340CF5F12C92919E004C6051 /* Frameworks */,
				340CF5D72C92918A004C6051 /* Products */,
			);
			sourceTree = "<group>";
		};
		340CF5D72C92918A004C6051 /* Products */ = {
			isa = PBXGroup;
			children = (
				340CF5D62C92918A004C6051 /* EFPHelper.app */,
				340CF60B2C929631004C6051 /* EleFileProvider.appex */,
			);
			name = Products;
			sourceTree = "<group>";
		};
		340CF5D82C92918A004C6051 /* EFPHelper */ = {
			isa = PBXGroup;
			children = (
				340CF6582C9317E6004C6051 /* Info.plist */,
				340CF5DF2C92918C004C6051 /* Assets.xcassets */,
				340CF5E42C92918C004C6051 /* main.m */,
				340CF5E62C92918C004C6051 /* EFPHelper.entitlements */,
			);
			path = EFPHelper;
			sourceTree = "<group>";
		};
		340CF5F12C92919E004C6051 /* Frameworks */ = {
			isa = PBXGroup;
			children = (
				340CF5F22C92919E004C6051 /* UniformTypeIdentifiers.framework */,
			);
			name = Frameworks;
			sourceTree = "<group>";
		};
		340CF60D2C929631004C6051 /* EleFileProvider */ = {
			isa = PBXGroup;
			children = (
				340CF60E2C929631004C6051 /* FileProviderExtension.swift */,
				340CF6102C929631004C6051 /* FileProviderItem.swift */,
				340CF6122C929631004C6051 /* FileProviderEnumerator.swift */,
				340CF6142C929631004C6051 /* Info.plist */,
				340CF6152C929631004C6051 /* EleFileProvider.entitlements */,
				340CF61F2C929F47004C6051 /* WebDAVFileManager.swift */,
				340CF6212C929F89004C6051 /* FileProviderLogger.swift */,
			);
			path = EleFileProvider;
			sourceTree = "<group>";
		};
/* End PBXGroup section */

/* Begin PBXNativeTarget section */
		340CF5D52C92918A004C6051 /* EFPHelper */ = {
			isa = PBXNativeTarget;
			buildConfigurationList = 340CF5E92C92918C004C6051 /* Build configuration list for PBXNativeTarget "EFPHelper" */;
			buildPhases = (
				340CF5D22C92918A004C6051 /* Sources */,
				340CF5D32C92918A004C6051 /* Frameworks */,
				340CF5D42C92918A004C6051 /* Resources */,
				340CF65C2C931934004C6051 /* Embed Foundation Extensions */,
			);
			buildRules = (
			);
			dependencies = (
				340CF65B2C931934004C6051 /* PBXTargetDependency */,
			);
			name = EFPHelper;
			packageProductDependencies = (
				340CF6412C9314A3004C6051 /* WebDavKit */,
			);
			productName = EFPHelper;
			productReference = 340CF5D62C92918A004C6051 /* EFPHelper.app */;
			productType = "com.apple.product-type.application";
		};
		340CF60A2C929631004C6051 /* EleFileProvider */ = {
			isa = PBXNativeTarget;
			buildConfigurationList = 340CF6192C929631004C6051 /* Build configuration list for PBXNativeTarget "EleFileProvider" */;
			buildPhases = (
				340CF6072C929631004C6051 /* Sources */,
				340CF6082C929631004C6051 /* Frameworks */,
				340CF6092C929631004C6051 /* Resources */,
			);
			buildRules = (
			);
			dependencies = (
			);
			name = EleFileProvider;
			packageProductDependencies = (
				340DFA7D2C940A8D00585255 /* WebDavKit */,
			);
			productName = EleFileProvider;
			productReference = 340CF60B2C929631004C6051 /* EleFileProvider.appex */;
			productType = "com.apple.product-type.app-extension";
		};
/* End PBXNativeTarget section */

/* Begin PBXProject section */
		340CF5CE2C92918A004C6051 /* Project object */ = {
			isa = PBXProject;
			attributes = {
				BuildIndependentTargetsInParallel = 1;
				LastSwiftUpdateCheck = 1540;
				LastUpgradeCheck = 1540;
				TargetAttributes = {
					340CF5D52C92918A004C6051 = {
						CreatedOnToolsVersion = 15.4;
					};
					340CF60A2C929631004C6051 = {
						CreatedOnToolsVersion = 15.4;
					};
				};
			};
			buildConfigurationList = 340CF5D12C92918A004C6051 /* Build configuration list for PBXProject "EFPHelper" */;
			compatibilityVersion = "Xcode 14.0";
			developmentRegion = en;
			hasScannedForEncodings = 0;
			knownRegions = (
				en,
				Base,
			);
			mainGroup = 340CF5CD2C92918A004C6051;
			packageReferences = (
				340CF61C2C929DDE004C6051 /* XCRemoteSwiftPackageReference "WebDAVKitSwift" */,
			);
			productRefGroup = 340CF5D72C92918A004C6051 /* Products */;
			projectDirPath = "";
			projectRoot = "";
			targets = (
				340CF5D52C92918A004C6051 /* EFPHelper */,
				340CF60A2C929631004C6051 /* EleFileProvider */,
			);
		};
/* End PBXProject section */

/* Begin PBXResourcesBuildPhase section */
		340CF5D42C92918A004C6051 /* Resources */ = {
			isa = PBXResourcesBuildPhase;
			buildActionMask = 2147483647;
			files = (
				340CF5E02C92918C004C6051 /* Assets.xcassets in Resources */,
			);
			runOnlyForDeploymentPostprocessing = 0;
		};
		340CF6092C929631004C6051 /* Resources */ = {
			isa = PBXResourcesBuildPhase;
			buildActionMask = 2147483647;
			files = (
			);
			runOnlyForDeploymentPostprocessing = 0;
		};
/* End PBXResourcesBuildPhase section */

/* Begin PBXSourcesBuildPhase section */
		340CF5D22C92918A004C6051 /* Sources */ = {
			isa = PBXSourcesBuildPhase;
			buildActionMask = 2147483647;
			files = (
				340CF5E52C92918C004C6051 /* main.m in Sources */,
			);
			runOnlyForDeploymentPostprocessing = 0;
		};
		340CF6072C929631004C6051 /* Sources */ = {
			isa = PBXSourcesBuildPhase;
			buildActionMask = 2147483647;
			files = (
				340CF60F2C929631004C6051 /* FileProviderExtension.swift in Sources */,
				340CF6112C929631004C6051 /* FileProviderItem.swift in Sources */,
				340CF6202C929F47004C6051 /* WebDAVFileManager.swift in Sources */,
				340CF6132C929631004C6051 /* FileProviderEnumerator.swift in Sources */,
				340CF6222C929F89004C6051 /* FileProviderLogger.swift in Sources */,
			);
			runOnlyForDeploymentPostprocessing = 0;
		};
/* End PBXSourcesBuildPhase section */

/* Begin PBXTargetDependency section */
		340CF65B2C931934004C6051 /* PBXTargetDependency */ = {
			isa = PBXTargetDependency;
			target = 340CF60A2C929631004C6051 /* EleFileProvider */;
			targetProxy = 340CF65A2C931934004C6051 /* PBXContainerItemProxy */;
		};
/* End PBXTargetDependency section */

/* Begin XCBuildConfiguration section */
		340CF5E72C92918C004C6051 /* Debug */ = {
			isa = XCBuildConfiguration;
			buildSettings = {
				ALWAYS_SEARCH_USER_PATHS = NO;
				ASSETCATALOG_COMPILER_GENERATE_SWIFT_ASSET_SYMBOL_EXTENSIONS = YES;
				CLANG_ANALYZER_NONNULL = YES;
				CLANG_ANALYZER_NUMBER_OBJECT_CONVERSION = YES_AGGRESSIVE;
				CLANG_CXX_LANGUAGE_STANDARD = "gnu++20";
				CLANG_ENABLE_MODULES = YES;
				CLANG_ENABLE_OBJC_ARC = YES;
				CLANG_ENABLE_OBJC_WEAK = YES;
				CLANG_WARN_BLOCK_CAPTURE_AUTORELEASING = YES;
				CLANG_WARN_BOOL_CONVERSION = YES;
				CLANG_WARN_COMMA = YES;
				CLANG_WARN_CONSTANT_CONVERSION = YES;
				CLANG_WARN_DEPRECATED_OBJC_IMPLEMENTATIONS = YES;
				CLANG_WARN_DIRECT_OBJC_ISA_USAGE = YES_ERROR;
				CLANG_WARN_DOCUMENTATION_COMMENTS = YES;
				CLANG_WARN_EMPTY_BODY = YES;
				CLANG_WARN_ENUM_CONVERSION = YES;
				CLANG_WARN_INFINITE_RECURSION = YES;
				CLANG_WARN_INT_CONVERSION = YES;
				CLANG_WARN_NON_LITERAL_NULL_CONVERSION = YES;
				CLANG_WARN_OBJC_IMPLICIT_RETAIN_SELF = YES;
				CLANG_WARN_OBJC_LITERAL_CONVERSION = YES;
				CLANG_WARN_OBJC_ROOT_CLASS = YES_ERROR;
				CLANG_WARN_QUOTED_INCLUDE_IN_FRAMEWORK_HEADER = YES;
				CLANG_WARN_RANGE_LOOP_ANALYSIS = YES;
				CLANG_WARN_STRICT_PROTOTYPES = YES;
				CLANG_WARN_SUSPICIOUS_MOVE = YES;
				CLANG_WARN_UNGUARDED_AVAILABILITY = YES_AGGRESSIVE;
				CLANG_WARN_UNREACHABLE_CODE = YES;
				CLANG_WARN__DUPLICATE_METHOD_MATCH = YES;
				COPY_PHASE_STRIP = NO;
				DEBUG_INFORMATION_FORMAT = dwarf;
				ENABLE_STRICT_OBJC_MSGSEND = YES;
				ENABLE_TESTABILITY = YES;
				ENABLE_USER_SCRIPT_SANDBOXING = YES;
				GCC_C_LANGUAGE_STANDARD = gnu17;
				GCC_DYNAMIC_NO_PIC = NO;
				GCC_NO_COMMON_BLOCKS = YES;
				GCC_OPTIMIZATION_LEVEL = 0;
				GCC_PREPROCESSOR_DEFINITIONS = (
					"DEBUG=1",
					"$(inherited)",
				);
				GCC_WARN_64_TO_32_BIT_CONVERSION = YES;
				GCC_WARN_ABOUT_RETURN_TYPE = YES_ERROR;
				GCC_WARN_UNDECLARED_SELECTOR = YES;
				GCC_WARN_UNINITIALIZED_AUTOS = YES_AGGRESSIVE;
				GCC_WARN_UNUSED_FUNCTION = YES;
				GCC_WARN_UNUSED_VARIABLE = YES;
				LOCALIZATION_PREFERS_STRING_CATALOGS = YES;
				MACOSX_DEPLOYMENT_TARGET = 14.5;
				MTL_ENABLE_DEBUG_INFO = INCLUDE_SOURCE;
				MTL_FAST_MATH = YES;
				ONLY_ACTIVE_ARCH = YES;
				SDKROOT = macosx;
			};
			name = Debug;
		};
		340CF5E82C92918C004C6051 /* Release */ = {
			isa = XCBuildConfiguration;
			buildSettings = {
				ALWAYS_SEARCH_USER_PATHS = NO;
				ASSETCATALOG_COMPILER_GENERATE_SWIFT_ASSET_SYMBOL_EXTENSIONS = YES;
				CLANG_ANALYZER_NONNULL = YES;
				CLANG_ANALYZER_NUMBER_OBJECT_CONVERSION = YES_AGGRESSIVE;
				CLANG_CXX_LANGUAGE_STANDARD = "gnu++20";
				CLANG_ENABLE_MODULES = YES;
				CLANG_ENABLE_OBJC_ARC = YES;
				CLANG_ENABLE_OBJC_WEAK = YES;
				CLANG_WARN_BLOCK_CAPTURE_AUTORELEASING = YES;
				CLANG_WARN_BOOL_CONVERSION = YES;
				CLANG_WARN_COMMA = YES;
				CLANG_WARN_CONSTANT_CONVERSION = YES;
				CLANG_WARN_DEPRECATED_OBJC_IMPLEMENTATIONS = YES;
				CLANG_WARN_DIRECT_OBJC_ISA_USAGE = YES_ERROR;
				CLANG_WARN_DOCUMENTATION_COMMENTS = YES;
				CLANG_WARN_EMPTY_BODY = YES;
				CLANG_WARN_ENUM_CONVERSION = YES;
				CLANG_WARN_INFINITE_RECURSION = YES;
				CLANG_WARN_INT_CONVERSION = YES;
				CLANG_WARN_NON_LITERAL_NULL_CONVERSION = YES;
				CLANG_WARN_OBJC_IMPLICIT_RETAIN_SELF = YES;
				CLANG_WARN_OBJC_LITERAL_CONVERSION = YES;
				CLANG_WARN_OBJC_ROOT_CLASS = YES_ERROR;
				CLANG_WARN_QUOTED_INCLUDE_IN_FRAMEWORK_HEADER = YES;
				CLANG_WARN_RANGE_LOOP_ANALYSIS = YES;
				CLANG_WARN_STRICT_PROTOTYPES = YES;
				CLANG_WARN_SUSPICIOUS_MOVE = YES;
				CLANG_WARN_UNGUARDED_AVAILABILITY = YES_AGGRESSIVE;
				CLANG_WARN_UNREACHABLE_CODE = YES;
				CLANG_WARN__DUPLICATE_METHOD_MATCH = YES;
				COPY_PHASE_STRIP = NO;
				DEBUG_INFORMATION_FORMAT = "dwarf-with-dsym";
				ENABLE_NS_ASSERTIONS = NO;
				ENABLE_STRICT_OBJC_MSGSEND = YES;
				ENABLE_USER_SCRIPT_SANDBOXING = YES;
				GCC_C_LANGUAGE_STANDARD = gnu17;
				GCC_NO_COMMON_BLOCKS = YES;
				GCC_WARN_64_TO_32_BIT_CONVERSION = YES;
				GCC_WARN_ABOUT_RETURN_TYPE = YES_ERROR;
				GCC_WARN_UNDECLARED_SELECTOR = YES;
				GCC_WARN_UNINITIALIZED_AUTOS = YES_AGGRESSIVE;
				GCC_WARN_UNUSED_FUNCTION = YES;
				GCC_WARN_UNUSED_VARIABLE = YES;
				LOCALIZATION_PREFERS_STRING_CATALOGS = YES;
				MACOSX_DEPLOYMENT_TARGET = 14.5;
				MTL_ENABLE_DEBUG_INFO = NO;
				MTL_FAST_MATH = YES;
				SDKROOT = macosx;
			};
			name = Release;
		};
		340CF5EA2C92918C004C6051 /* Debug */ = {
			isa = XCBuildConfiguration;
			buildSettings = {
				ASSETCATALOG_COMPILER_APPICON_NAME = AppIcon;
				ASSETCATALOG_COMPILER_GLOBAL_ACCENT_COLOR_NAME = AccentColor;
				CODE_SIGN_ENTITLEMENTS = EFPHelper/EFPHelper.entitlements;
				CODE_SIGN_IDENTITY = "Apple Development";
				CODE_SIGN_STYLE = Automatic;
				COMBINE_HIDPI_IMAGES = YES;
				CURRENT_PROJECT_VERSION = 1;
				DEVELOPMENT_TEAM = A6954X9WMS;
				ENABLE_HARDENED_RUNTIME = YES;
				GENERATE_INFOPLIST_FILE = YES;
				INFOPLIST_FILE = EFPHelper/Info.plist;
				INFOPLIST_KEY_NSHumanReadableCopyright = "";
				INFOPLIST_KEY_NSMainStoryboardFile = Main;
				INFOPLIST_KEY_NSPrincipalClass = NSApplication;
				LD_RUNPATH_SEARCH_PATHS = (
					"$(inherited)",
					"@executable_path/../Frameworks",
				);
				MARKETING_VERSION = 1.0;
				PRODUCT_BUNDLE_IDENTIFIER = cloud.lazycat.client;
				PRODUCT_NAME = "$(TARGET_NAME)";
				PROVISIONING_PROFILE_SPECIFIER = "";
				SWIFT_EMIT_LOC_STRINGS = YES;
			};
			name = Debug;
		};
		340CF5EB2C92918C004C6051 /* Release */ = {
			isa = XCBuildConfiguration;
			buildSettings = {
				ASSETCATALOG_COMPILER_APPICON_NAME = AppIcon;
				ASSETCATALOG_COMPILER_GLOBAL_ACCENT_COLOR_NAME = AccentColor;
				CODE_SIGN_ENTITLEMENTS = EFPHelper/EFPHelper.entitlements;
				CODE_SIGN_IDENTITY = "Apple Development";
				CODE_SIGN_STYLE = Automatic;
				COMBINE_HIDPI_IMAGES = YES;
				CURRENT_PROJECT_VERSION = 1;
				DEVELOPMENT_TEAM = A6954X9WMS;
				ENABLE_HARDENED_RUNTIME = YES;
				GENERATE_INFOPLIST_FILE = YES;
				INFOPLIST_FILE = EFPHelper/Info.plist;
				INFOPLIST_KEY_NSHumanReadableCopyright = "";
				INFOPLIST_KEY_NSMainStoryboardFile = Main;
				INFOPLIST_KEY_NSPrincipalClass = NSApplication;
				LD_RUNPATH_SEARCH_PATHS = (
					"$(inherited)",
					"@executable_path/../Frameworks",
				);
				MARKETING_VERSION = 1.0;
				PRODUCT_BUNDLE_IDENTIFIER = cloud.lazycat.client;
				PRODUCT_NAME = "$(TARGET_NAME)";
				PROVISIONING_PROFILE_SPECIFIER = "";
				SWIFT_EMIT_LOC_STRINGS = YES;
			};
			name = Release;
		};
		340CF61A2C929631004C6051 /* Debug */ = {
			isa = XCBuildConfiguration;
			buildSettings = {
				CODE_SIGN_ENTITLEMENTS = EleFileProvider/EleFileProvider.entitlements;
				CODE_SIGN_STYLE = Automatic;
				CURRENT_PROJECT_VERSION = 1;
				DEVELOPMENT_TEAM = A6954X9WMS;
				ENABLE_HARDENED_RUNTIME = YES;
				GENERATE_INFOPLIST_FILE = YES;
				INFOPLIST_FILE = EleFileProvider/Info.plist;
				INFOPLIST_KEY_CFBundleDisplayName = EleFileProvider;
				INFOPLIST_KEY_NSHumanReadableCopyright = "";
				LD_RUNPATH_SEARCH_PATHS = (
					"$(inherited)",
					"@executable_path/../Frameworks",
					"@executable_path/../../../../Frameworks",
				);
				MARKETING_VERSION = 1.0;
				PRODUCT_BUNDLE_IDENTIFIER = cloud.lazycat.client.hclientFileProvider;
				PRODUCT_NAME = "$(TARGET_NAME)";
				SKIP_INSTALL = YES;
				SWIFT_ACTIVE_COMPILATION_CONDITIONS = "DEBUG $(inherited)";
				SWIFT_EMIT_LOC_STRINGS = YES;
				SWIFT_OPTIMIZATION_LEVEL = "-Onone";
				SWIFT_VERSION = 5.0;
			};
			name = Debug;
		};
		340CF61B2C929631004C6051 /* Release */ = {
			isa = XCBuildConfiguration;
			buildSettings = {
				CODE_SIGN_ENTITLEMENTS = EleFileProvider/EleFileProvider.entitlements;
				CODE_SIGN_STYLE = Automatic;
				CURRENT_PROJECT_VERSION = 1;
				DEVELOPMENT_TEAM = A6954X9WMS;
				ENABLE_HARDENED_RUNTIME = YES;
				GENERATE_INFOPLIST_FILE = YES;
				INFOPLIST_FILE = EleFileProvider/Info.plist;
				INFOPLIST_KEY_CFBundleDisplayName = EleFileProvider;
				INFOPLIST_KEY_NSHumanReadableCopyright = "";
				LD_RUNPATH_SEARCH_PATHS = (
					"$(inherited)",
					"@executable_path/../Frameworks",
					"@executable_path/../../../../Frameworks",
				);
				MARKETING_VERSION = 1.0;
				PRODUCT_BUNDLE_IDENTIFIER = cloud.lazycat.client.hclientFileProvider;
				PRODUCT_NAME = "$(TARGET_NAME)";
				SKIP_INSTALL = YES;
				SWIFT_COMPILATION_MODE = wholemodule;
				SWIFT_EMIT_LOC_STRINGS = YES;
				SWIFT_VERSION = 5.0;
			};
			name = Release;
		};
/* End XCBuildConfiguration section */

/* Begin XCConfigurationList section */
		340CF5D12C92918A004C6051 /* Build configuration list for PBXProject "EFPHelper" */ = {
			isa = XCConfigurationList;
			buildConfigurations = (
				340CF5E72C92918C004C6051 /* Debug */,
				340CF5E82C92918C004C6051 /* Release */,
			);
			defaultConfigurationIsVisible = 0;
			defaultConfigurationName = Release;
		};
		340CF5E92C92918C004C6051 /* Build configuration list for PBXNativeTarget "EFPHelper" */ = {
			isa = XCConfigurationList;
			buildConfigurations = (
				340CF5EA2C92918C004C6051 /* Debug */,
				340CF5EB2C92918C004C6051 /* Release */,
			);
			defaultConfigurationIsVisible = 0;
			defaultConfigurationName = Release;
		};
		340CF6192C929631004C6051 /* Build configuration list for PBXNativeTarget "EleFileProvider" */ = {
			isa = XCConfigurationList;
			buildConfigurations = (
				340CF61A2C929631004C6051 /* Debug */,
				340CF61B2C929631004C6051 /* Release */,
			);
			defaultConfigurationIsVisible = 0;
			defaultConfigurationName = Release;
		};
/* End XCConfigurationList section */

/* Begin XCRemoteSwiftPackageReference section */
		340CF61C2C929DDE004C6051 /* XCRemoteSwiftPackageReference "WebDAVKitSwift" */ = {
			isa = XCRemoteSwiftPackageReference;
			repositoryURL = "https://github.com/fanjiashu/WebDAVKitSwift";
			requirement = {
				kind = upToNextMajorVersion;
				minimumVersion = 1.2.27;
			};
		};
/* End XCRemoteSwiftPackageReference section */

/* Begin XCSwiftPackageProductDependency section */
		340CF6412C9314A3004C6051 /* WebDavKit */ = {
			isa = XCSwiftPackageProductDependency;
			package = 340CF61C2C929DDE004C6051 /* XCRemoteSwiftPackageReference "WebDAVKitSwift" */;
			productName = WebDavKit;
		};
		340DFA7D2C940A8D00585255 /* WebDavKit */ = {
			isa = XCSwiftPackageProductDependency;
			package = 340CF61C2C929DDE004C6051 /* XCRemoteSwiftPackageReference "WebDAVKitSwift" */;
			productName = WebDavKit;
		};
/* End XCSwiftPackageProductDependency section */
	};
	rootObject = 340CF5CE2C92918A004C6051 /* Project object */;
}
